
Microsoft Visual Studio Solution File, Format Version 12.00
# Visual Studio 15
VisualStudioVersion = 15.0.27703.2026
MinimumVisualStudioVersion = 10.0.40219.1
Project("{FAE04EC0-301F-11D3-BF4B-00C04F79EFBC}") = "CryptApp", "CryptApp\CryptApp.csproj", "{B969948E-D424-4612-91AE-EB8DD58783D9}"
EndProject
Global
	GlobalSection(SolutionConfigurationPlatforms) = preSolution
		Debug|Any CPU = Debug|Any CPU
		Release|Any CPU = Release|Any CPU
	EndGlobalSection
	GlobalSection(ProjectConfigurationPlatforms) = postSolution
		{B969948E-D424-4612-91AE-EB8DD58783D9}.Debug|Any CPU.ActiveCfg = Debug|Any CPU
		{B969948E-D424-4612-91AE-EB8DD58783D9}.Debug|Any CPU.Build.0 = Debug|Any CPU
		{B969948E-D424-4612-91AE-EB8DD58783D9}.Release|Any CPU.ActiveCfg = Release|Any CPU
		{B969948E-D424-4612-91AE-EB8DD58783D9}.Release|Any CPU.Build.0 = Release|Any CPU
	EndGlobalSection
	GlobalSection(SolutionProperties) = preSolution
		HideSolutionNode = FALSE
	EndGlobalSection
	GlobalSection(ExtensibilityGlobals) = postSolution
		SolutionGuid = {EDD398AC-41BA-494F-A9CA-B8AAB49346B8}
	EndGlobalSection
EndGlobal
